
Microsoft Visual Studio Solution File, Format Version 12.00
# Visual Studio 15
VisualStudioVersion = 15.0.28307.705
MinimumVisualStudioVersion = 10.0.40219.1
Project("{FAE04EC0-301F-11D3-BF4B-00C04F79EFBC}") = "WebServicesCategories", "WebServicesCategories\WebServicesCategories.csproj", "{66D3903F-1E7D-4B34-B719-ED5A0D214383}"
EndProject
Global
	GlobalSection(SolutionConfigurationPlatforms) = preSolution
		Debug|Any CPU = Debug|Any CPU
		Release|Any CPU = Release|Any CPU
	EndGlobalSection
	GlobalSection(ProjectConfigurationPlatforms) = postSolution
		{66D3903F-1E7D-4B34-B719-ED5A0D214383}.Debug|Any CPU.ActiveCfg = Debug|Any CPU
		{66D3903F-1E7D-4B34-B719-ED5A0D214383}.Debug|Any CPU.Build.0 = Debug|Any CPU
		{66D3903F-1E7D-4B34-B719-ED5A0D214383}.Release|Any CPU.ActiveCfg = Release|Any CPU
		{66D3903F-1E7D-4B34-B719-ED5A0D214383}.Release|Any CPU.Build.0 = Release|Any CPU
	EndGlobalSection
	GlobalSection(SolutionProperties) = preSolution
		HideSolutionNode = FALSE
	EndGlobalSection
	GlobalSection(ExtensibilityGlobals) = postSolution
		SolutionGuid = {B4196A08-F860-43E2-A442-B0DD717C39FF}
	EndGlobalSection
EndGlobal
